
Microsoft Visual Studio Solution File, Format Version 12.00
# Visual Studio Version 17
VisualStudioVersion = 17.0.31903.59
MinimumVisualStudioVersion = 10.0.40219.1
Project("{FAE04EC0-301F-11D3-BF4B-00C04F79EFBC}") = "UmbRc14TestProject", "UmbRc14TestProject\UmbRc14TestProject.csproj", "{5FF70763-106A-464D-ADB5-2B3748011EBA}"
EndProject
Global
	GlobalSection(SolutionConfigurationPlatforms) = preSolution
		Debug|Any CPU = Debug|Any CPU
		Release|Any CPU = Release|Any CPU
	EndGlobalSection
	GlobalSection(SolutionProperties) = preSolution
		HideSolutionNode = FALSE
	EndGlobalSection
	GlobalSection(ProjectConfigurationPlatforms) = postSolution
		{5FF70763-106A-464D-ADB5-2B3748011EBA}.Debug|Any CPU.ActiveCfg = Debug|Any CPU
		{5FF70763-106A-464D-ADB5-2B3748011EBA}.Debug|Any CPU.Build.0 = Debug|Any CPU
		{5FF70763-106A-464D-ADB5-2B3748011EBA}.Release|Any CPU.ActiveCfg = Release|Any CPU
		{5FF70763-106A-464D-ADB5-2B3748011EBA}.Release|Any CPU.Build.0 = Release|Any CPU
	EndGlobalSection
EndGlobal
